PODS:
  - Alamofire (5.4.4)
  - BigInt (5.2.0)
  - PromiseKit (6.15.3):
    - PromiseKit/CorePromise (= 6.15.3)
    - PromiseKit/Foundation (= 6.15.3)
    - PromiseKit/UIKit (= 6.15.3)
  - PromiseKit/CorePromise (6.15.3)
  - PromiseKit/Foundation (6.15.3):
    - PromiseKit/CorePromise
  - PromiseKit/UIKit (6.15.3):
    - PromiseKit/CorePromise
  - ZKSync (0.0.3):
    - Alamofire (~> 5.0)
    - BigInt (~> 5.2)
    - PromiseKit (~> 6.15.3)
    - ZKSyncCrypto (= 0.0.9-spm)
  - ZKSyncCrypto (0.0.9-spm)

DEPENDENCIES:
  - ZKSync (from `../../`)

SPEC REPOS:
  trunk:
    - Alamofire
    - BigInt
    - PromiseKit
    - ZKSyncCrypto

EXTERNAL SOURCES:
  ZKSync:
    :path: "../../"

SPEC CHECKSUMS:
  Alamofire: f3b09a368f1582ab751b3fff5460276e0d2cf5c9
  BigInt: f668a80089607f521586bbe29513d708491ef2f7
  PromiseKit: 3b2b6995e51a954c46dbc550ce3da44fbfb563c5
  ZKSync: 160985b6153188a5f36c6b3071f1cf63b9326e50
  ZKSyncCrypto: ff0662eb0cff69ab3e40564a45a07cbcafe1ccf0

PODFILE CHECKSUM: 19f2bc7b77d611151be6a9850baac7dbb61b1e85

COCOAPODS: 1.11.0
