// !$*UTF8*$!
{
	archiveVersion = 1;
	classes = {
	};
	objectVersion = 52;
	objects = {

/* Begin PBXBuildFile section */
		8A2A29C0268914AE0021FFC4 /* AppDelegate.swift in Sources */ = {isa = PBXBuildFile; fileRef = 8A2A29BF268914AE0021FFC4 /* AppDelegate.swift */; };
		8A2A29C2268914AE0021FFC4 /* SceneDelegate.swift in Sources */ = {isa = PBXBuildFile; fileRef = 8A2A29C1268914AE0021FFC4 /* SceneDelegate.swift */; };
		8A2A29C4268914AE0021FFC4 /* ViewController.swift in Sources */ = {isa = PBXBuildFile; fileRef = 8A2A29C3268914AE0021FFC4 /* ViewController.swift */; };
		8A2A29C7268914AE0021FFC4 /* Main.storyboard in Resources */ = {isa = PBXBuildFile; fileRef = 8A2A29C5268914AE0021FFC4 /* Main.storyboard */; };
		8A2A29C9268914B00021FFC4 /* Assets.xcassets in Resources */ = {isa = PBXBuildFile; fileRef = 8A2A29C8268914B00021FFC4 /* Assets.xcassets */; };
		8A2A29CC268914B00021FFC4 /* LaunchScreen.storyboard in Resources */ = {isa = PBXBuildFile; fileRef = 8A2A29CA268914B00021FFC4 /* LaunchScreen.storyboard */; };
		8A9B298B26D5C829001A7ECE /* ZKSync in Frameworks */ = {isa = PBXBuildFile; productRef = 8A9B298A26D5C829001A7ECE /* ZKSync */; };
/* End PBXBuildFile section */

/* Begin PBXFileReference section */
		8A2A29BC268914AE0021FFC4 /* ZKSyncExample.app */ = {isa = PBXFileReference; explicitFileType = wrapper.application; includeInIndex = 0; path = ZKSyncExample.app; sourceTree = BUILT_PRODUCTS_DIR; };
		8A2A29BF268914AE0021FFC4 /* AppDelegate.swift */ = {isa = PBXFileReference; lastKnownFileType = sourcecode.swift; path = AppDelegate.swift; sourceTree = "<group>"; };
		8A2A29C1268914AE0021FFC4 /* SceneDelegate.swift */ = {isa = PBXFileReference; lastKnownFileType = sourcecode.swift; path = SceneDelegate.swift; sourceTree = "<group>"; };
		8A2A29C3268914AE0021FFC4 /* ViewController.swift */ = {isa = PBXFileReference; lastKnownFileType = sourcecode.swift; path = ViewController.swift; sourceTree = "<group>"; };
		8A2A29C6268914AE0021FFC4 /* Base */ = {isa = PBXFileReference; lastKnownFileType = file.storyboard; name = Base; path = Base.lproj/Main.storyboard; sourceTree = "<group>"; };
		8A2A29C8268914B00021FFC4 /* Assets.xcassets */ = {isa = PBXFileReference; lastKnownFileType = folder.assetcatalog; path = Assets.xcassets; sourceTree = "<group>"; };
		8A2A29CB268914B00021FFC4 /* Base */ = {isa = PBXFileReference; lastKnownFileType = file.storyboard; name = Base; path = Base.lproj/LaunchScreen.storyboard; sourceTree = "<group>"; };
		8A2A29CD268914B00021FFC4 /* Info.plist */ = {isa = PBXFileReference; lastKnownFileType = text.plist.xml; path = Info.plist; sourceTree = "<group>"; };
/* End PBXFileReference section */

/* Begin PBXFrameworksBuildPhase section */
		8A2A29B9268914AE0021FFC4 /* Frameworks */ = {
			isa = PBXFrameworksBuildPhase;
			buildActionMask = 2147483647;
			files = (
				8A9B298B26D5C829001A7ECE /* ZKSync in Frameworks */,
			);
			runOnlyForDeploymentPostprocessing = 0;
		};
/* End PBXFrameworksBuildPhase section */

/* Begin PBXGroup section */
		8A2A29B3268914AE0021FFC4 = {
			isa = PBXGroup;
			children = (
				8A2A29BE268914AE0021FFC4 /* ZKSyncExample */,
				8A2A29BD268914AE0021FFC4 /* Products */,
			);
			sourceTree = "<group>";
		};
		8A2A29BD268914AE0021FFC4 /* Products */ = {
			isa = PBXGroup;
			children = (
				8A2A29BC268914AE0021FFC4 /* ZKSyncExample.app */,
			);
			name = Products;
			sourceTree = "<group>";
		};
		8A2A29BE268914AE0021FFC4 /* ZKSyncExample */ = {
			isa = PBXGroup;
			children = (
				8A2A29BF268914AE0021FFC4 /* AppDelegate.swift */,
				8A2A29C1268914AE0021FFC4 /* SceneDelegate.swift */,
				8A2A29C3268914AE0021FFC4 /* ViewController.swift */,
				8A2A29C5268914AE0021FFC4 /* Main.storyboard */,
				8A2A29C8268914B00021FFC4 /* Assets.xcassets */,
				8A2A29CA268914B00021FFC4 /* LaunchScreen.storyboard */,
				8A2A29CD268914B00021FFC4 /* Info.plist */,
			);
			path = ZKSyncExample;
			sourceTree = "<group>";
		};
/* End PBXGroup section */

/* Begin PBXNativeTarget section */
		8A2A29BB268914AE0021FFC4 /* ZKSyncExample */ = {
			isa = PBXNativeTarget;
			buildConfigurationList = 8A2A29D0268914B00021FFC4 /* Build configuration list for PBXNativeTarget "ZKSyncExample" */;
			buildPhases = (
				8A2A29B8268914AE0021FFC4 /* Sources */,
				8A2A29B9268914AE0021FFC4 /* Frameworks */,
				8A2A29BA268914AE0021FFC4 /* Resources */,
			);
			buildRules = (
			);
			dependencies = (
			);
			name = ZKSyncExample;
			packageProductDependencies = (
				8A9B298A26D5C829001A7ECE /* ZKSync */,
			);
			productName = ZKSyncTest;
			productReference = 8A2A29BC268914AE0021FFC4 /* ZKSyncExample.app */;
			productType = "com.apple.product-type.application";
		};
/* End PBXNativeTarget section */

/* Begin PBXProject section */
		8A2A29B4268914AE0021FFC4 /* Project object */ = {
			isa = PBXProject;
			attributes = {
				LastSwiftUpdateCheck = 1220;
				LastUpgradeCheck = 1220;
				TargetAttributes = {
					8A2A29BB268914AE0021FFC4 = {
						CreatedOnToolsVersion = 12.2;
					};
				};
			};
			buildConfigurationList = 8A2A29B7268914AE0021FFC4 /* Build configuration list for PBXProject "ZKSyncExample" */;
			compatibilityVersion = "Xcode 9.3";
			developmentRegion = en;
			hasScannedForEncodings = 0;
			knownRegions = (
				en,
				Base,
			);
			mainGroup = 8A2A29B3268914AE0021FFC4;
			packageReferences = (
				8A9B298926D5C829001A7ECE /* XCRemoteSwiftPackageReference "zksync-swift" */,
			);
			productRefGroup = 8A2A29BD268914AE0021FFC4 /* Products */;
			projectDirPath = "";
			projectRoot = "";
			targets = (
				8A2A29BB268914AE0021FFC4 /* ZKSyncExample */,
			);
		};
/* End PBXProject section */

/* Begin PBXResourcesBuildPhase section */
		8A2A29BA268914AE0021FFC4 /* Resources */ = {
			isa = PBXResourcesBuildPhase;
			buildActionMask = 2147483647;
			files = (
				8A2A29CC268914B00021FFC4 /* LaunchScreen.storyboard in Resources */,
				8A2A29C9268914B00021FFC4 /* Assets.xcassets in Resources */,
				8A2A29C7268914AE0021FFC4 /* Main.storyboard in Resources */,
			);
			runOnlyForDeploymentPostprocessing = 0;
		};
/* End PBXResourcesBuildPhase section */

/* Begin PBXSourcesBuildPhase section */
		8A2A29B8268914AE0021FFC4 /* Sources */ = {
			isa = PBXSourcesBuildPhase;
			buildActionMask = 2147483647;
			files = (
				8A2A29C4268914AE0021FFC4 /* ViewController.swift in Sources */,
				8A2A29C0268914AE0021FFC4 /* AppDelegate.swift in Sources */,
				8A2A29C2268914AE0021FFC4 /* SceneDelegate.swift in Sources */,
			);
			runOnlyForDeploymentPostprocessing = 0;
		};
/* End PBXSourcesBuildPhase section */

/* Begin PBXVariantGroup section */
		8A2A29C5268914AE0021FFC4 /* Main.storyboard */ = {
			isa = PBXVariantGroup;
			children = (
				8A2A29C6268914AE0021FFC4 /* Base */,
			);
			name = Main.storyboard;
			sourceTree = "<group>";
		};
		8A2A29CA268914B00021FFC4 /* LaunchScreen.storyboard */ = {
			isa = PBXVariantGroup;
			children = (
				8A2A29CB268914B00021FFC4 /* Base */,
			);
			name = LaunchScreen.storyboard;
			sourceTree = "<group>";
		};
/* End PBXVariantGroup section */

/* Begin XCBuildConfiguration section */
		8A2A29CE268914B00021FFC4 /* Debug */ = {
			isa = XCBuildConfiguration;
			buildSettings = {
				ALWAYS_SEARCH_USER_PATHS = NO;
				CLANG_ANALYZER_NONNULL = YES;
				CLANG_ANALYZER_NUMBER_OBJECT_CONVERSION = YES_AGGRESSIVE;
				CLANG_CXX_LANGUAGE_STANDARD = "gnu++14";
				CLANG_CXX_LIBRARY = "libc++";
				CLANG_ENABLE_MODULES = YES;
				CLANG_ENABLE_OBJC_ARC = YES;
				CLANG_ENABLE_OBJC_WEAK = YES;
				CLANG_WARN_BLOCK_CAPTURE_AUTORELEASING = YES;
				CLANG_WARN_BOOL_CONVERSION = YES;
				CLANG_WARN_COMMA = YES;
				CLANG_WARN_CONSTANT_CONVERSION = YES;
				CLANG_WARN_DEPRECATED_OBJC_IMPLEMENTATIONS = YES;
				CLANG_WARN_DIRECT_OBJC_ISA_USAGE = YES_ERROR;
				CLANG_WARN_DOCUMENTATION_COMMENTS = YES;
				CLANG_WARN_EMPTY_BODY = YES;
				CLANG_WARN_ENUM_CONVERSION = YES;
				CLANG_WARN_INFINITE_RECURSION = YES;
				CLANG_WARN_INT_CONVERSION = YES;
				CLANG_WARN_NON_LITERAL_NULL_CONVERSION = YES;
				CLANG_WARN_OBJC_IMPLICIT_RETAIN_SELF = YES;
				CLANG_WARN_OBJC_LITERAL_CONVERSION = YES;
				CLANG_WARN_OBJC_ROOT_CLASS = YES_ERROR;
				CLANG_WARN_QUOTED_INCLUDE_IN_FRAMEWORK_HEADER = YES;
				CLANG_WARN_RANGE_LOOP_ANALYSIS = YES;
				CLANG_WARN_STRICT_PROTOTYPES = YES;
				CLANG_WARN_SUSPICIOUS_MOVE = YES;
				CLANG_WARN_UNGUARDED_AVAILABILITY = YES_AGGRESSIVE;
				CLANG_WARN_UNREACHABLE_CODE = YES;
				CLANG_WARN__DUPLICATE_METHOD_MATCH = YES;
				COPY_PHASE_STRIP = NO;
				DEBUG_INFORMATION_FORMAT = dwarf;
				ENABLE_STRICT_OBJC_MSGSEND = YES;
				ENABLE_TESTABILITY = YES;
				GCC_C_LANGUAGE_STANDARD = gnu11;
				GCC_DYNAMIC_NO_PIC = NO;
				GCC_NO_COMMON_BLOCKS = YES;
				GCC_OPTIMIZATION_LEVEL = 0;
				GCC_PREPROCESSOR_DEFINITIONS = (
					"DEBUG=1",
					"$(inherited)",
				);
				GCC_WARN_64_TO_32_BIT_CONVERSION = YES;
				GCC_WARN_ABOUT_RETURN_TYPE = YES_ERROR;
				GCC_WARN_UNDECLARED_SELECTOR = YES;
				GCC_WARN_UNINITIALIZED_AUTOS = YES_AGGRESSIVE;
				GCC_WARN_UNUSED_FUNCTION = YES;
				GCC_WARN_UNUSED_VARIABLE = YES;
				IPHONEOS_DEPLOYMENT_TARGET = 14.2;
				MTL_ENABLE_DEBUG_INFO = INCLUDE_SOURCE;
				MTL_FAST_MATH = YES;
				ONLY_ACTIVE_ARCH = YES;
				SDKROOT = iphoneos;
				SWIFT_ACTIVE_COMPILATION_CONDITIONS = DEBUG;
				SWIFT_OPTIMIZATION_LEVEL = "-Onone";
			};
			name = Debug;
		};
		8A2A29CF268914B00021FFC4 /* Release */ = {
			isa = XCBuildConfiguration;
			buildSettings = {
				ALWAYS_SEARCH_USER_PATHS = NO;
				CLANG_ANALYZER_NONNULL = YES;
				CLANG_ANALYZER_NUMBER_OBJECT_CONVERSION = YES_AGGRESSIVE;
				CLANG_CXX_LANGUAGE_STANDARD = "gnu++14";
				CLANG_CXX_LIBRARY = "libc++";
				CLANG_ENABLE_MODULES = YES;
				CLANG_ENABLE_OBJC_ARC = YES;
				CLANG_ENABLE_OBJC_WEAK = YES;
				CLANG_WARN_BLOCK_CAPTURE_AUTORELEASING = YES;
				CLANG_WARN_BOOL_CONVERSION = YES;
				CLANG_WARN_COMMA = YES;
				CLANG_WARN_CONSTANT_CONVERSION = YES;
				CLANG_WARN_DEPRECATED_OBJC_IMPLEMENTATIONS = YES;
				CLANG_WARN_DIRECT_OBJC_ISA_USAGE = YES_ERROR;
				CLANG_WARN_DOCUMENTATION_COMMENTS = YES;
				CLANG_WARN_EMPTY_BODY = YES;
				CLANG_WARN_ENUM_CONVERSION = YES;
				CLANG_WARN_INFINITE_RECURSION = YES;
				CLANG_WARN_INT_CONVERSION = YES;
				CLANG_WARN_NON_LITERAL_NULL_CONVERSION = YES;
				CLANG_WARN_OBJC_IMPLICIT_RETAIN_SELF = YES;
				CLANG_WARN_OBJC_LITERAL_CONVERSION = YES;
				CLANG_WARN_OBJC_ROOT_CLASS = YES_ERROR;
				CLANG_WARN_QUOTED_INCLUDE_IN_FRAMEWORK_HEADER = YES;
				CLANG_WARN_RANGE_LOOP_ANALYSIS = YES;
				CLANG_WARN_STRICT_PROTOTYPES = YES;
				CLANG_WARN_SUSPICIOUS_MOVE = YES;
				CLANG_WARN_UNGUARDED_AVAILABILITY = YES_AGGRESSIVE;
				CLANG_WARN_UNREACHABLE_CODE = YES;
				CLANG_WARN__DUPLICATE_METHOD_MATCH = YES;
				COPY_PHASE_STRIP = NO;
				DEBUG_INFORMATION_FORMAT = "dwarf-with-dsym";
				ENABLE_NS_ASSERTIONS = NO;
				ENABLE_STRICT_OBJC_MSGSEND = YES;
				GCC_C_LANGUAGE_STANDARD = gnu11;
				GCC_NO_COMMON_BLOCKS = YES;
				GCC_WARN_64_TO_32_BIT_CONVERSION = YES;
				GCC_WARN_ABOUT_RETURN_TYPE = YES_ERROR;
				GCC_WARN_UNDECLARED_SELECTOR = YES;
				GCC_WARN_UNINITIALIZED_AUTOS = YES_AGGRESSIVE;
				GCC_WARN_UNUSED_FUNCTION = YES;
				GCC_WARN_UNUSED_VARIABLE = YES;
				IPHONEOS_DEPLOYMENT_TARGET = 14.2;
				MTL_ENABLE_DEBUG_INFO = NO;
				MTL_FAST_MATH = YES;
				SDKROOT = iphoneos;
				SWIFT_COMPILATION_MODE = wholemodule;
				SWIFT_OPTIMIZATION_LEVEL = "-O";
				VALIDATE_PRODUCT = YES;
			};
			name = Release;
		};
		8A2A29D1268914B00021FFC4 /* Debug */ = {
			isa = XCBuildConfiguration;
			buildSettings = {
				ASSETCATALOG_COMPILER_APPICON_NAME = AppIcon;
				ASSETCATALOG_COMPILER_GLOBAL_ACCENT_COLOR_NAME = AccentColor;
				CODE_SIGN_STYLE = Automatic;
				DEVELOPMENT_TEAM = B2TXDJTSQ4;
				INFOPLIST_FILE = ZKSyncExample/Info.plist;
				LD_RUNPATH_SEARCH_PATHS = (
					"$(inherited)",
					"@executable_path/Frameworks",
				);
				PRODUCT_BUNDLE_IDENTIFIER = "com.matter-labs.ZKSyncExample";
				PRODUCT_NAME = "$(TARGET_NAME)";
				SWIFT_VERSION = 5.0;
				TARGETED_DEVICE_FAMILY = "1,2";
			};
			name = Debug;
		};
		8A2A29D2268914B00021FFC4 /* Release */ = {
			isa = XCBuildConfiguration;
			buildSettings = {
				ASSETCATALOG_COMPILER_APPICON_NAME = AppIcon;
				ASSETCATALOG_COMPILER_GLOBAL_ACCENT_COLOR_NAME = AccentColor;
				CODE_SIGN_STYLE = Automatic;
				DEVELOPMENT_TEAM = B2TXDJTSQ4;
				INFOPLIST_FILE = ZKSyncExample/Info.plist;
				LD_RUNPATH_SEARCH_PATHS = (
					"$(inherited)",
					"@executable_path/Frameworks",
				);
				PRODUCT_BUNDLE_IDENTIFIER = "com.matter-labs.ZKSyncExample";
				PRODUCT_NAME = "$(TARGET_NAME)";
				SWIFT_VERSION = 5.0;
				TARGETED_DEVICE_FAMILY = "1,2";
			};
			name = Release;
		};
/* End XCBuildConfiguration section */

/* Begin XCConfigurationList section */
		8A2A29B7268914AE0021FFC4 /* Build configuration list for PBXProject "ZKSyncExample" */ = {
			isa = XCConfigurationList;
			buildConfigurations = (
				8A2A29CE268914B00021FFC4 /* Debug */,
				8A2A29CF268914B00021FFC4 /* Release */,
			);
			defaultConfigurationIsVisible = 0;
			defaultConfigurationName = Release;
		};
		8A2A29D0268914B00021FFC4 /* Build configuration list for PBXNativeTarget "ZKSyncExample" */ = {
			isa = XCConfigurationList;
			buildConfigurations = (
				8A2A29D1268914B00021FFC4 /* Debug */,
				8A2A29D2268914B00021FFC4 /* Release */,
			);
			defaultConfigurationIsVisible = 0;
			defaultConfigurationName = Release;
		};
/* End XCConfigurationList section */

/* Begin XCRemoteSwiftPackageReference section */
		8A9B298926D5C829001A7ECE /* XCRemoteSwiftPackageReference "zksync-swift" */ = {
			isa = XCRemoteSwiftPackageReference;
			repositoryURL = "https://github.com/zksync-sdk/zksync-swift.git";
			requirement = {
				branch = master;
				kind = branch;
			};
		};
/* End XCRemoteSwiftPackageReference section */

/* Begin XCSwiftPackageProductDependency section */
		8A9B298A26D5C829001A7ECE /* ZKSync */ = {
			isa = XCSwiftPackageProductDependency;
			package = 8A9B298926D5C829001A7ECE /* XCRemoteSwiftPackageReference "zksync-swift" */;
			productName = ZKSync;
		};
/* End XCSwiftPackageProductDependency section */
	};
	rootObject = 8A2A29B4268914AE0021FFC4 /* Project object */;
}
